
Microsoft Visual Studio Solution File, Format Version 12.00
# Visual Studio Version 17
VisualStudioVersion = 17.13.35931.197
MinimumVisualStudioVersion = 10.0.40219.1
Project("{2150E333-8FDC-42A3-9474-1A3956D46DE8}") = "ShopManagement", "ShopManagement", "{02EA681E-C7D8-13C7-8484-4AC65E1B71E8}"
EndProject
Project("{2150E333-8FDC-42A3-9474-1A3956D46DE8}") = "1.Core", "1.Core", "{E5B7FE9F-63D2-44A7-9593-63D66847D93B}"
EndProject
Project("{2150E333-8FDC-42A3-9474-1A3956D46DE8}") = "2.Infra", "2.Infra", "{1E31A399-4B21-4AD8-89F7-442E857DF9F6}"
EndProject
Project("{2150E333-8FDC-42A3-9474-1A3956D46DE8}") = "Data", "Data", "{89C9AE57-B955-48D5-9F4C-E9FA95724AAB}"
EndProject
Project("{2150E333-8FDC-42A3-9474-1A3956D46DE8}") = "Utilities", "Utilities", "{808748F0-EB9F-4C84-BCF1-467E9475DAD8}"
EndProject
Project("{FAE04EC0-301F-11D3-BF4B-00C04F79EFBC}") = "ShopManagement.Core.ApplicationService", "Src\ShopManagement\1.Core\ShopManagement.Core.ApplicationService\ShopManagement.Core.ApplicationService.csproj", "{984F7491-6B96-2EF5-1A0E-E08DD2EE2F44}"
EndProject
Project("{FAE04EC0-301F-11D3-BF4B-00C04F79EFBC}") = "ShopManagement.Core.Contracts", "Src\ShopManagement\1.Core\ShopManagement.Core.Contracts\ShopManagement.Core.Contracts.csproj", "{E0EA24D1-0AFF-68DB-F201-9868CD678900}"
EndProject
Project("{FAE04EC0-301F-11D3-BF4B-00C04F79EFBC}") = "ShopManagement.Core.Domain", "Src\ShopManagement\1.Core\ShopManagement.Core.Domain\ShopManagement.Core.Domain.csproj", "{3F237194-3132-2206-A54A-152368D4A430}"
EndProject
Project("{FAE04EC0-301F-11D3-BF4B-00C04F79EFBC}") = "ShopManagement.Core.RequestResponse", "Src\ShopManagement\1.Core\ShopManagement.Core.RequestResponse\ShopManagement.Core.RequestResponse.csproj", "{5B0959DB-9254-B262-4350-1C6F5B242548}"
EndProject
Project("{FAE04EC0-301F-11D3-BF4B-00C04F79EFBC}") = "ShopManagement.Infra.Data.Sql.Commands", "Src\ShopManagement\2.Infra\ShopManagement.Infra.Data.Sql.Commands\ShopManagement.Infra.Data.Sql.Commands.csproj", "{B53A4C83-F07D-5CF1-493A-F60C98B43C57}"
EndProject
Project("{FAE04EC0-301F-11D3-BF4B-00C04F79EFBC}") = "ShopManagement.Infra.Data.Sql.Queries", "Src\ShopManagement\2.Infra\ShopManagement.Infra.Data.Sql.Queries\ShopManagement.Infra.Data.Sql.Queries.csproj", "{55720349-F254-19B0-3814-4B67A4BB2CFD}"
EndProject
Project("{2150E333-8FDC-42A3-9474-1A3956D46DE8}") = "Src", "Src", "{97DBCF5D-D006-4E4A-A876-36ACA5D54596}"
EndProject
Project("{2150E333-8FDC-42A3-9474-1A3956D46DE8}") = "InventoryManagement", "InventoryManagement", "{3D66655D-93AB-44AB-82E9-2EC53AEB328D}"
EndProject
Project("{2150E333-8FDC-42A3-9474-1A3956D46DE8}") = "1.Core", "1.Core", "{D05A73AE-83FD-408C-9ACA-2EDC045E8371}"
EndProject
Project("{2150E333-8FDC-42A3-9474-1A3956D46DE8}") = "2.Infra", "2.Infra", "{A25FB6FC-DFD1-41E5-BCE4-2EC14B9D2B43}"
EndProject
Project("{2150E333-8FDC-42A3-9474-1A3956D46DE8}") = "3.EndPoint", "3.EndPoint", "{EB41E3F9-E157-45A1-9DAA-23BB5D377145}"
EndProject
Project("{2150E333-8FDC-42A3-9474-1A3956D46DE8}") = "EndPoint", "EndPoint", "{EDFF3588-6600-43E0-B0E7-C49EEF2F7137}"
EndProject
Project("{FAE04EC0-301F-11D3-BF4B-00C04F79EFBC}") = "ShopManagement.EndPoint.Api", "Src\ShopManagement\3.EndPoint\ShopManagement.EndPoint.Api\ShopManagement.EndPoint.Api.csproj", "{65A68228-AA8A-4083-AC49-CDE213D26D54}"
EndProject
Project("{FAE04EC0-301F-11D3-BF4B-00C04F79EFBC}") = "InventoryManagement.Core.ApplicationService", "Src\InventoryManagement\1.Core\InventoryManagement.Core.ApplicationService\InventoryManagement.Core.ApplicationService.csproj", "{554B3DAB-1E59-412A-8928-591538A00001}"
EndProject
Project("{FAE04EC0-301F-11D3-BF4B-00C04F79EFBC}") = "InventoryManagement.Core.Contracts", "Src\InventoryManagement\1.Core\InventoryManagement.Core.Contracts\InventoryManagement.Core.Contracts.csproj", "{85E2CE43-8D36-4B1D-BB55-A1FEB2FC6FCC}"
EndProject
Project("{FAE04EC0-301F-11D3-BF4B-00C04F79EFBC}") = "InventoryManagement.Core.Domain", "Src\InventoryManagement\1.Core\InventoryManagement.Core.Domain\InventoryManagement.Core.Domain.csproj", "{E7EA6D9C-AF94-42C6-AD95-301994E0D238}"
EndProject
Project("{FAE04EC0-301F-11D3-BF4B-00C04F79EFBC}") = "InventoryManagement.Core.RequestResponse", "Src\InventoryManagement\1.Core\InventoryManagement.Core.RequestResponse\InventoryManagement.Core.RequestResponse.csproj", "{72914109-B42C-464F-BE84-4A4DB9DFDD66}"
EndProject
Project("{2150E333-8FDC-42A3-9474-1A3956D46DE8}") = "Data", "Data", "{18812DFB-97E6-42DF-8C52-7F8B26F2D8A1}"
EndProject
Project("{FAE04EC0-301F-11D3-BF4B-00C04F79EFBC}") = "InventoryManagement.Infra.Data.Sql.Command", "Src\InventoryManagement\2.Infra\Data\InventoryManagement.Infra.Data.Sql.Command\InventoryManagement.Infra.Data.Sql.Command.csproj", "{4EF0F079-AF80-4688-98ED-726A6A35E3A2}"
EndProject
Project("{FAE04EC0-301F-11D3-BF4B-00C04F79EFBC}") = "InventoryManagement.Infra.Data.Sql.Queries", "Src\InventoryManagement\2.Infra\Data\InventoryManagement.Infra.Data.Sql.Queries\InventoryManagement.Infra.Data.Sql.Queries.csproj", "{719CF3F0-33CF-4935-96DC-E6A31D3763B4}"
EndProject
Project("{FAE04EC0-301F-11D3-BF4B-00C04F79EFBC}") = "InventoryManagement.EndPoint.Api", "Src\InventoryManagement\3.EndPoint\InventoryManagement.EndPoint.Api\InventoryManagement.EndPoint.Api.csproj", "{607B7229-2B8A-4006-BB2D-DE7019FCABA9}"
EndProject
Project("{2150E333-8FDC-42A3-9474-1A3956D46DE8}") = "AccountManagement", "AccountManagement", "{67BBAA76-9F75-41AD-9A25-3B23D959EEBC}"
EndProject
Project("{2150E333-8FDC-42A3-9474-1A3956D46DE8}") = "1.Core", "1.Core", "{6BCB48B6-F023-47ED-AD6D-0E1D8619F016}"
EndProject
Project("{2150E333-8FDC-42A3-9474-1A3956D46DE8}") = "2.Infra", "2.Infra", "{165D6511-7E69-4B93-9C16-C8CC2A3762DC}"
EndProject
Project("{2150E333-8FDC-42A3-9474-1A3956D46DE8}") = "3.EndPoint", "3.EndPoint", "{5BA1353A-9FB9-427A-A8D0-D5909DE63D69}"
EndProject
Project("{FAE04EC0-301F-11D3-BF4B-00C04F79EFBC}") = "AccountManagement.Core.ApplicationService", "Src\AccountManagement\1.Core\AccountManagement.Core.ApplicationService\AccountManagement.Core.ApplicationService.csproj", "{32374EC5-0679-4629-9C42-17B45C326E15}"
EndProject
Project("{FAE04EC0-301F-11D3-BF4B-00C04F79EFBC}") = "AccountManagement.Core.Contract", "Src\AccountManagement\1.Core\AccountManagement.Core.Contract\AccountManagement.Core.Contract.csproj", "{43E87358-7374-4ED8-9428-C5242811D33E}"
EndProject
Project("{FAE04EC0-301F-11D3-BF4B-00C04F79EFBC}") = "AccountManagement.Core.Domain", "Src\AccountManagement\1.Core\AccountManagement.Core.Domain\AccountManagement.Core.Domain.csproj", "{02F2A9B7-2E0D-4ECA-AF52-D76727CA7FC3}"
EndProject
Project("{FAE04EC0-301F-11D3-BF4B-00C04F79EFBC}") = "AccountManagement.Core.RequestResponse", "Src\AccountManagement\1.Core\AccountManagement.Core.RequestResponse\AccountManagement.Core.RequestResponse.csproj", "{F00DBAAC-6DC3-431D-86C1-B53E52F7595E}"
EndProject
Project("{2150E333-8FDC-42A3-9474-1A3956D46DE8}") = "Data", "Data", "{9C49768D-504B-4B5A-A38B-70176ED6BBFD}"
EndProject
Project("{FAE04EC0-301F-11D3-BF4B-00C04F79EFBC}") = "AccountManagement.Infra.Date.Sql.Commands", "Src\AccountManagement\2.Infra\Data\AccountManagement.Infra.Date.Sql.Commands\AccountManagement.Infra.Date.Sql.Commands.csproj", "{9B8B9836-8442-4C4D-98AF-52C76A7BDDCB}"
EndProject
Project("{FAE04EC0-301F-11D3-BF4B-00C04F79EFBC}") = "AccountManagement.Infra.Data.Sql.Queries", "Src\AccountManagement\2.Infra\Data\AccountManagement.Infra.Data.Sql.Queries\AccountManagement.Infra.Data.Sql.Queries.csproj", "{2BFF3F1B-6075-4ADA-9951-D184574947A6}"
EndProject
Project("{FAE04EC0-301F-11D3-BF4B-00C04F79EFBC}") = "Framework", "Src\Utilities\Framework\Framework.csproj", "{88569B73-04B0-413A-A8D3-DD5DF1DA36AC}"
EndProject
Project("{FAE04EC0-301F-11D3-BF4B-00C04F79EFBC}") = "AccountManagement.EndPoint.Api", "Src\AccountManagement\3.EndPoint\AccountManagement.EndPoint.Api\AccountManagement.EndPoint.Api.csproj", "{93A1A6CA-6E9A-4205-AB2E-7A8A529F6999}"
EndProject
Global
	GlobalSection(SolutionConfigurationPlatforms) = preSolution
		Debug|Any CPU = Debug|Any CPU
		Release|Any CPU = Release|Any CPU
	EndGlobalSection
	GlobalSection(ProjectConfigurationPlatforms) = postSolution
		{984F7491-6B96-2EF5-1A0E-E08DD2EE2F44}.Debug|Any CPU.ActiveCfg = Debug|Any CPU
		{984F7491-6B96-2EF5-1A0E-E08DD2EE2F44}.Debug|Any CPU.Build.0 = Debug|Any CPU
		{984F7491-6B96-2EF5-1A0E-E08DD2EE2F44}.Release|Any CPU.ActiveCfg = Release|Any CPU
		{984F7491-6B96-2EF5-1A0E-E08DD2EE2F44}.Release|Any CPU.Build.0 = Release|Any CPU
		{E0EA24D1-0AFF-68DB-F201-9868CD678900}.Debug|Any CPU.ActiveCfg = Debug|Any CPU
		{E0EA24D1-0AFF-68DB-F201-9868CD678900}.Debug|Any CPU.Build.0 = Debug|Any CPU
		{E0EA24D1-0AFF-68DB-F201-9868CD678900}.Release|Any CPU.ActiveCfg = Release|Any CPU
		{E0EA24D1-0AFF-68DB-F201-9868CD678900}.Release|Any CPU.Build.0 = Release|Any CPU
		{3F237194-3132-2206-A54A-152368D4A430}.Debug|Any CPU.ActiveCfg = Debug|Any CPU
		{3F237194-3132-2206-A54A-152368D4A430}.Debug|Any CPU.Build.0 = Debug|Any CPU
		{3F237194-3132-2206-A54A-152368D4A430}.Release|Any CPU.ActiveCfg = Release|Any CPU
		{3F237194-3132-2206-A54A-152368D4A430}.Release|Any CPU.Build.0 = Release|Any CPU
		{5B0959DB-9254-B262-4350-1C6F5B242548}.Debug|Any CPU.ActiveCfg = Debug|Any CPU
		{5B0959DB-9254-B262-4350-1C6F5B242548}.Debug|Any CPU.Build.0 = Debug|Any CPU
		{5B0959DB-9254-B262-4350-1C6F5B242548}.Release|Any CPU.ActiveCfg = Release|Any CPU
		{5B0959DB-9254-B262-4350-1C6F5B242548}.Release|Any CPU.Build.0 = Release|Any CPU
		{B53A4C83-F07D-5CF1-493A-F60C98B43C57}.Debug|Any CPU.ActiveCfg = Debug|Any CPU
		{B53A4C83-F07D-5CF1-493A-F60C98B43C57}.Debug|Any CPU.Build.0 = Debug|Any CPU
		{B53A4C83-F07D-5CF1-493A-F60C98B43C57}.Release|Any CPU.ActiveCfg = Release|Any CPU
		{B53A4C83-F07D-5CF1-493A-F60C98B43C57}.Release|Any CPU.Build.0 = Release|Any CPU
		{55720349-F254-19B0-3814-4B67A4BB2CFD}.Debug|Any CPU.ActiveCfg = Debug|Any CPU
		{55720349-F254-19B0-3814-4B67A4BB2CFD}.Debug|Any CPU.Build.0 = Debug|Any CPU
		{55720349-F254-19B0-3814-4B67A4BB2CFD}.Release|Any CPU.ActiveCfg = Release|Any CPU
		{55720349-F254-19B0-3814-4B67A4BB2CFD}.Release|Any CPU.Build.0 = Release|Any CPU
		{65A68228-AA8A-4083-AC49-CDE213D26D54}.Debug|Any CPU.ActiveCfg = Debug|Any CPU
		{65A68228-AA8A-4083-AC49-CDE213D26D54}.Debug|Any CPU.Build.0 = Debug|Any CPU
		{65A68228-AA8A-4083-AC49-CDE213D26D54}.Release|Any CPU.ActiveCfg = Release|Any CPU
		{65A68228-AA8A-4083-AC49-CDE213D26D54}.Release|Any CPU.Build.0 = Release|Any CPU
		{554B3DAB-1E59-412A-8928-591538A00001}.Debug|Any CPU.ActiveCfg = Debug|Any CPU
		{554B3DAB-1E59-412A-8928-591538A00001}.Debug|Any CPU.Build.0 = Debug|Any CPU
		{554B3DAB-1E59-412A-8928-591538A00001}.Release|Any CPU.ActiveCfg = Release|Any CPU
		{554B3DAB-1E59-412A-8928-591538A00001}.Release|Any CPU.Build.0 = Release|Any CPU
		{85E2CE43-8D36-4B1D-BB55-A1FEB2FC6FCC}.Debug|Any CPU.ActiveCfg = Debug|Any CPU
		{85E2CE43-8D36-4B1D-BB55-A1FEB2FC6FCC}.Debug|Any CPU.Build.0 = Debug|Any CPU
		{85E2CE43-8D36-4B1D-BB55-A1FEB2FC6FCC}.Release|Any CPU.ActiveCfg = Release|Any CPU
		{85E2CE43-8D36-4B1D-BB55-A1FEB2FC6FCC}.Release|Any CPU.Build.0 = Release|Any CPU
		{E7EA6D9C-AF94-42C6-AD95-301994E0D238}.Debug|Any CPU.ActiveCfg = Debug|Any CPU
		{E7EA6D9C-AF94-42C6-AD95-301994E0D238}.Debug|Any CPU.Build.0 = Debug|Any CPU
		{E7EA6D9C-AF94-42C6-AD95-301994E0D238}.Release|Any CPU.ActiveCfg = Release|Any CPU
		{E7EA6D9C-AF94-42C6-AD95-301994E0D238}.Release|Any CPU.Build.0 = Release|Any CPU
		{72914109-B42C-464F-BE84-4A4DB9DFDD66}.Debug|Any CPU.ActiveCfg = Debug|Any CPU
		{72914109-B42C-464F-BE84-4A4DB9DFDD66}.Debug|Any CPU.Build.0 = Debug|Any CPU
		{72914109-B42C-464F-BE84-4A4DB9DFDD66}.Release|Any CPU.ActiveCfg = Release|Any CPU
		{72914109-B42C-464F-BE84-4A4DB9DFDD66}.Release|Any CPU.Build.0 = Release|Any CPU
		{4EF0F079-AF80-4688-98ED-726A6A35E3A2}.Debug|Any CPU.ActiveCfg = Debug|Any CPU
		{4EF0F079-AF80-4688-98ED-726A6A35E3A2}.Debug|Any CPU.Build.0 = Debug|Any CPU
		{4EF0F079-AF80-4688-98ED-726A6A35E3A2}.Release|Any CPU.ActiveCfg = Release|Any CPU
		{4EF0F079-AF80-4688-98ED-726A6A35E3A2}.Release|Any CPU.Build.0 = Release|Any CPU
		{719CF3F0-33CF-4935-96DC-E6A31D3763B4}.Debug|Any CPU.ActiveCfg = Debug|Any CPU
		{719CF3F0-33CF-4935-96DC-E6A31D3763B4}.Debug|Any CPU.Build.0 = Debug|Any CPU
		{719CF3F0-33CF-4935-96DC-E6A31D3763B4}.Release|Any CPU.ActiveCfg = Release|Any CPU
		{719CF3F0-33CF-4935-96DC-E6A31D3763B4}.Release|Any CPU.Build.0 = Release|Any CPU
		{607B7229-2B8A-4006-BB2D-DE7019FCABA9}.Debug|Any CPU.ActiveCfg = Debug|Any CPU
		{607B7229-2B8A-4006-BB2D-DE7019FCABA9}.Debug|Any CPU.Build.0 = Debug|Any CPU
		{607B7229-2B8A-4006-BB2D-DE7019FCABA9}.Release|Any CPU.ActiveCfg = Release|Any CPU
		{607B7229-2B8A-4006-BB2D-DE7019FCABA9}.Release|Any CPU.Build.0 = Release|Any CPU
		{32374EC5-0679-4629-9C42-17B45C326E15}.Debug|Any CPU.ActiveCfg = Debug|Any CPU
		{32374EC5-0679-4629-9C42-17B45C326E15}.Debug|Any CPU.Build.0 = Debug|Any CPU
		{32374EC5-0679-4629-9C42-17B45C326E15}.Release|Any CPU.ActiveCfg = Release|Any CPU
		{32374EC5-0679-4629-9C42-17B45C326E15}.Release|Any CPU.Build.0 = Release|Any CPU
		{43E87358-7374-4ED8-9428-C5242811D33E}.Debug|Any CPU.ActiveCfg = Debug|Any CPU
		{43E87358-7374-4ED8-9428-C5242811D33E}.Debug|Any CPU.Build.0 = Debug|Any CPU
		{43E87358-7374-4ED8-9428-C5242811D33E}.Release|Any CPU.ActiveCfg = Release|Any CPU
		{43E87358-7374-4ED8-9428-C5242811D33E}.Release|Any CPU.Build.0 = Release|Any CPU
		{02F2A9B7-2E0D-4ECA-AF52-D76727CA7FC3}.Debug|Any CPU.ActiveCfg = Debug|Any CPU
		{02F2A9B7-2E0D-4ECA-AF52-D76727CA7FC3}.Debug|Any CPU.Build.0 = Debug|Any CPU
		{02F2A9B7-2E0D-4ECA-AF52-D76727CA7FC3}.Release|Any CPU.ActiveCfg = Release|Any CPU
		{02F2A9B7-2E0D-4ECA-AF52-D76727CA7FC3}.Release|Any CPU.Build.0 = Release|Any CPU
		{F00DBAAC-6DC3-431D-86C1-B53E52F7595E}.Debug|Any CPU.ActiveCfg = Debug|Any CPU
		{F00DBAAC-6DC3-431D-86C1-B53E52F7595E}.Debug|Any CPU.Build.0 = Debug|Any CPU
		{F00DBAAC-6DC3-431D-86C1-B53E52F7595E}.Release|Any CPU.ActiveCfg = Release|Any CPU
		{F00DBAAC-6DC3-431D-86C1-B53E52F7595E}.Release|Any CPU.Build.0 = Release|Any CPU
		{9B8B9836-8442-4C4D-98AF-52C76A7BDDCB}.Debug|Any CPU.ActiveCfg = Debug|Any CPU
		{9B8B9836-8442-4C4D-98AF-52C76A7BDDCB}.Debug|Any CPU.Build.0 = Debug|Any CPU
		{9B8B9836-8442-4C4D-98AF-52C76A7BDDCB}.Release|Any CPU.ActiveCfg = Release|Any CPU
		{9B8B9836-8442-4C4D-98AF-52C76A7BDDCB}.Release|Any CPU.Build.0 = Release|Any CPU
		{2BFF3F1B-6075-4ADA-9951-D184574947A6}.Debug|Any CPU.ActiveCfg = Debug|Any CPU
		{2BFF3F1B-6075-4ADA-9951-D184574947A6}.Debug|Any CPU.Build.0 = Debug|Any CPU
		{2BFF3F1B-6075-4ADA-9951-D184574947A6}.Release|Any CPU.ActiveCfg = Release|Any CPU
		{2BFF3F1B-6075-4ADA-9951-D184574947A6}.Release|Any CPU.Build.0 = Release|Any CPU
		{88569B73-04B0-413A-A8D3-DD5DF1DA36AC}.Debug|Any CPU.ActiveCfg = Debug|Any CPU
		{88569B73-04B0-413A-A8D3-DD5DF1DA36AC}.Debug|Any CPU.Build.0 = Debug|Any CPU
		{88569B73-04B0-413A-A8D3-DD5DF1DA36AC}.Release|Any CPU.ActiveCfg = Release|Any CPU
		{88569B73-04B0-413A-A8D3-DD5DF1DA36AC}.Release|Any CPU.Build.0 = Release|Any CPU
		{93A1A6CA-6E9A-4205-AB2E-7A8A529F6999}.Debug|Any CPU.ActiveCfg = Debug|Any CPU
		{93A1A6CA-6E9A-4205-AB2E-7A8A529F6999}.Debug|Any CPU.Build.0 = Debug|Any CPU
		{93A1A6CA-6E9A-4205-AB2E-7A8A529F6999}.Release|Any CPU.ActiveCfg = Release|Any CPU
		{93A1A6CA-6E9A-4205-AB2E-7A8A529F6999}.Release|Any CPU.Build.0 = Release|Any CPU
	EndGlobalSection
	GlobalSection(SolutionProperties) = preSolution
		HideSolutionNode = FALSE
	EndGlobalSection
	GlobalSection(NestedProjects) = preSolution
		{02EA681E-C7D8-13C7-8484-4AC65E1B71E8} = {97DBCF5D-D006-4E4A-A876-36ACA5D54596}
		{E5B7FE9F-63D2-44A7-9593-63D66847D93B} = {02EA681E-C7D8-13C7-8484-4AC65E1B71E8}
		{1E31A399-4B21-4AD8-89F7-442E857DF9F6} = {02EA681E-C7D8-13C7-8484-4AC65E1B71E8}
		{89C9AE57-B955-48D5-9F4C-E9FA95724AAB} = {1E31A399-4B21-4AD8-89F7-442E857DF9F6}
		{808748F0-EB9F-4C84-BCF1-467E9475DAD8} = {97DBCF5D-D006-4E4A-A876-36ACA5D54596}
		{984F7491-6B96-2EF5-1A0E-E08DD2EE2F44} = {E5B7FE9F-63D2-44A7-9593-63D66847D93B}
		{E0EA24D1-0AFF-68DB-F201-9868CD678900} = {E5B7FE9F-63D2-44A7-9593-63D66847D93B}
		{3F237194-3132-2206-A54A-152368D4A430} = {E5B7FE9F-63D2-44A7-9593-63D66847D93B}
		{5B0959DB-9254-B262-4350-1C6F5B242548} = {E5B7FE9F-63D2-44A7-9593-63D66847D93B}
		{B53A4C83-F07D-5CF1-493A-F60C98B43C57} = {89C9AE57-B955-48D5-9F4C-E9FA95724AAB}
		{55720349-F254-19B0-3814-4B67A4BB2CFD} = {89C9AE57-B955-48D5-9F4C-E9FA95724AAB}
		{3D66655D-93AB-44AB-82E9-2EC53AEB328D} = {97DBCF5D-D006-4E4A-A876-36ACA5D54596}
		{D05A73AE-83FD-408C-9ACA-2EDC045E8371} = {3D66655D-93AB-44AB-82E9-2EC53AEB328D}
		{A25FB6FC-DFD1-41E5-BCE4-2EC14B9D2B43} = {3D66655D-93AB-44AB-82E9-2EC53AEB328D}
		{EB41E3F9-E157-45A1-9DAA-23BB5D377145} = {3D66655D-93AB-44AB-82E9-2EC53AEB328D}
		{EDFF3588-6600-43E0-B0E7-C49EEF2F7137} = {02EA681E-C7D8-13C7-8484-4AC65E1B71E8}
		{65A68228-AA8A-4083-AC49-CDE213D26D54} = {EDFF3588-6600-43E0-B0E7-C49EEF2F7137}
		{554B3DAB-1E59-412A-8928-591538A00001} = {D05A73AE-83FD-408C-9ACA-2EDC045E8371}
		{85E2CE43-8D36-4B1D-BB55-A1FEB2FC6FCC} = {D05A73AE-83FD-408C-9ACA-2EDC045E8371}
		{E7EA6D9C-AF94-42C6-AD95-301994E0D238} = {D05A73AE-83FD-408C-9ACA-2EDC045E8371}
		{72914109-B42C-464F-BE84-4A4DB9DFDD66} = {D05A73AE-83FD-408C-9ACA-2EDC045E8371}
		{18812DFB-97E6-42DF-8C52-7F8B26F2D8A1} = {A25FB6FC-DFD1-41E5-BCE4-2EC14B9D2B43}
		{4EF0F079-AF80-4688-98ED-726A6A35E3A2} = {18812DFB-97E6-42DF-8C52-7F8B26F2D8A1}
		{719CF3F0-33CF-4935-96DC-E6A31D3763B4} = {18812DFB-97E6-42DF-8C52-7F8B26F2D8A1}
		{607B7229-2B8A-4006-BB2D-DE7019FCABA9} = {EB41E3F9-E157-45A1-9DAA-23BB5D377145}
		{67BBAA76-9F75-41AD-9A25-3B23D959EEBC} = {97DBCF5D-D006-4E4A-A876-36ACA5D54596}
		{6BCB48B6-F023-47ED-AD6D-0E1D8619F016} = {67BBAA76-9F75-41AD-9A25-3B23D959EEBC}
		{165D6511-7E69-4B93-9C16-C8CC2A3762DC} = {67BBAA76-9F75-41AD-9A25-3B23D959EEBC}
		{5BA1353A-9FB9-427A-A8D0-D5909DE63D69} = {67BBAA76-9F75-41AD-9A25-3B23D959EEBC}
		{32374EC5-0679-4629-9C42-17B45C326E15} = {6BCB48B6-F023-47ED-AD6D-0E1D8619F016}
		{43E87358-7374-4ED8-9428-C5242811D33E} = {6BCB48B6-F023-47ED-AD6D-0E1D8619F016}
		{02F2A9B7-2E0D-4ECA-AF52-D76727CA7FC3} = {6BCB48B6-F023-47ED-AD6D-0E1D8619F016}
		{F00DBAAC-6DC3-431D-86C1-B53E52F7595E} = {6BCB48B6-F023-47ED-AD6D-0E1D8619F016}
		{9C49768D-504B-4B5A-A38B-70176ED6BBFD} = {165D6511-7E69-4B93-9C16-C8CC2A3762DC}
		{9B8B9836-8442-4C4D-98AF-52C76A7BDDCB} = {9C49768D-504B-4B5A-A38B-70176ED6BBFD}
		{2BFF3F1B-6075-4ADA-9951-D184574947A6} = {9C49768D-504B-4B5A-A38B-70176ED6BBFD}
		{88569B73-04B0-413A-A8D3-DD5DF1DA36AC} = {808748F0-EB9F-4C84-BCF1-467E9475DAD8}
		{93A1A6CA-6E9A-4205-AB2E-7A8A529F6999} = {5BA1353A-9FB9-427A-A8D0-D5909DE63D69}
	EndGlobalSection
	GlobalSection(ExtensibilityGlobals) = postSolution
		SolutionGuid = {2B76888E-4DE0-431C-9EE9-23DB72BE45A9}
	EndGlobalSection
EndGlobal
